// !$*UTF8*$!
{
	archiveVersion = 1;
	classes = {
	};
	objectVersion = 56;
	objects = {

/* Begin PBXBuildFile section */
		E92B3AB92C47F542006A25C8 /* AppDelegate.swift in Sources */ = {isa = PBXBuildFile; fileRef = E92B3AB82C47F542006A25C8 /* AppDelegate.swift */; };
		E92B3ABB2C47F542006A25C8 /* SceneDelegate.swift in Sources */ = {isa = PBXBuildFile; fileRef = E92B3ABA2C47F542006A25C8 /* SceneDelegate.swift */; };
		E92B3ABD2C47F542006A25C8 /* ViewController.swift in Sources */ = {isa = PBXBuildFile; fileRef = E92B3ABC2C47F542006A25C8 /* ViewController.swift */; };
		E92B3AC02C47F542006A25C8 /* Base in Resources */ = {isa = PBXBuildFile; fileRef = E92B3ABF2C47F542006A25C8 /* Base */; };
		E92B3AC22C47F544006A25C8 /* Assets.xcassets in Resources */ = {isa = PBXBuildFile; fileRef = E92B3AC12C47F544006A25C8 /* Assets.xcassets */; };
		E92B3AC52C47F544006A25C8 /* Base in Resources */ = {isa = PBXBuildFile; fileRef = E92B3AC42C47F544006A25C8 /* Base */; };
		E92B3AD12C47F693006A25C8 /* CellOne.xib in Resources */ = {isa = PBXBuildFile; fileRef = E92B3AD02C47F693006A25C8 /* CellOne.xib */; };
		E92B3AD32C47F6A3006A25C8 /* CellTwo.xib in Resources */ = {isa = PBXBuildFile; fileRef = E92B3AD22C47F6A3006A25C8 /* CellTwo.xib */; };
		E92B3AD52C47F6B5006A25C8 /* CellZero.xib in Resources */ = {isa = PBXBuildFile; fileRef = E92B3AD42C47F6B5006A25C8 /* CellZero.xib */; };
		E92B3AD72C47F710006A25C8 /* SectionAdapterInput.swift in Sources */ = {isa = PBXBuildFile; fileRef = E92B3AD62C47F710006A25C8 /* SectionAdapterInput.swift */; };
		E92B3AD92C47F75F006A25C8 /* TableViewAdapter.swift in Sources */ = {isa = PBXBuildFile; fileRef = E92B3AD82C47F75F006A25C8 /* TableViewAdapter.swift */; };
		E92B3ADB2C47F782006A25C8 /* TableViewAdapterInput.swift in Sources */ = {isa = PBXBuildFile; fileRef = E92B3ADA2C47F782006A25C8 /* TableViewAdapterInput.swift */; };
		E92B3ADD2C47F7B5006A25C8 /* CellOneViewCell.swift in Sources */ = {isa = PBXBuildFile; fileRef = E92B3ADC2C47F7B5006A25C8 /* CellOneViewCell.swift */; };
		E92B3ADF2C47F7C8006A25C8 /* CellTwoViewCell.swift in Sources */ = {isa = PBXBuildFile; fileRef = E92B3ADE2C47F7C8006A25C8 /* CellTwoViewCell.swift */; };
		E92B3AE12C47F7DA006A25C8 /* CellZeroViewCell.swift in Sources */ = {isa = PBXBuildFile; fileRef = E92B3AE02C47F7DA006A25C8 /* CellZeroViewCell.swift */; };
		E92B3AE32C47F7F6006A25C8 /* OneSectionAdapter.swift in Sources */ = {isa = PBXBuildFile; fileRef = E92B3AE22C47F7F6006A25C8 /* OneSectionAdapter.swift */; };
		E92B3AE52C47F806006A25C8 /* TwoSectionAdapter.swift in Sources */ = {isa = PBXBuildFile; fileRef = E92B3AE42C47F806006A25C8 /* TwoSectionAdapter.swift */; };
		E92B3AE72C47F820006A25C8 /* ZeroSectionAdapter.swift in Sources */ = {isa = PBXBuildFile; fileRef = E92B3AE62C47F820006A25C8 /* ZeroSectionAdapter.swift */; };
		E92B3AEA2C47F8FE006A25C8 /* CellOneDisplayModel.swift in Sources */ = {isa = PBXBuildFile; fileRef = E92B3AE92C47F8FE006A25C8 /* CellOneDisplayModel.swift */; };
		E92B3AEC2C47F90E006A25C8 /* CellTwoDisplayModel.swift in Sources */ = {isa = PBXBuildFile; fileRef = E92B3AEB2C47F90E006A25C8 /* CellTwoDisplayModel.swift */; };
		E92B3AEE2C47F920006A25C8 /* CellZeroDisplayModel.swift in Sources */ = {isa = PBXBuildFile; fileRef = E92B3AED2C47F920006A25C8 /* CellZeroDisplayModel.swift */; };
/* End PBXBuildFile section */

/* Begin PBXFileReference section */
		E92B3AB52C47F542006A25C8 /* Lesson17HW.app */ = {isa = PBXFileReference; explicitFileType = wrapper.application; includeInIndex = 0; path = Lesson17HW.app; sourceTree = BUILT_PRODUCTS_DIR; };
		E92B3AB82C47F542006A25C8 /* AppDelegate.swift */ = {isa = PBXFileReference; lastKnownFileType = sourcecode.swift; path = AppDelegate.swift; sourceTree = "<group>"; };
		E92B3ABA2C47F542006A25C8 /* SceneDelegate.swift */ = {isa = PBXFileReference; lastKnownFileType = sourcecode.swift; path = SceneDelegate.swift; sourceTree = "<group>"; };
		E92B3ABC2C47F542006A25C8 /* ViewController.swift */ = {isa = PBXFileReference; lastKnownFileType = sourcecode.swift; path = ViewController.swift; sourceTree = "<group>"; };
		E92B3ABF2C47F542006A25C8 /* Base */ = {isa = PBXFileReference; lastKnownFileType = file.storyboard; name = Base; path = Base.lproj/Main.storyboard; sourceTree = "<group>"; };
		E92B3AC12C47F544006A25C8 /* Assets.xcassets */ = {isa = PBXFileReference; lastKnownFileType = folder.assetcatalog; path = Assets.xcassets; sourceTree = "<group>"; };
		E92B3AC42C47F544006A25C8 /* Base */ = {isa = PBXFileReference; lastKnownFileType = file.storyboard; name = Base; path = Base.lproj/LaunchScreen.storyboard; sourceTree = "<group>"; };
		E92B3AC62C47F544006A25C8 /* Info.plist */ = {isa = PBXFileReference; lastKnownFileType = text.plist.xml; path = Info.plist; sourceTree = "<group>"; };
		E92B3AD02C47F693006A25C8 /* CellOne.xib */ = {isa = PBXFileReference; lastKnownFileType = file.xib; path = CellOne.xib; sourceTree = "<group>"; };
		E92B3AD22C47F6A3006A25C8 /* CellTwo.xib */ = {isa = PBXFileReference; lastKnownFileType = file.xib; path = CellTwo.xib; sourceTree = "<group>"; };
		E92B3AD42C47F6B5006A25C8 /* CellZero.xib */ = {isa = PBXFileReference; lastKnownFileType = file.xib; path = CellZero.xib; sourceTree = "<group>"; };
		E92B3AD62C47F710006A25C8 /* SectionAdapterInput.swift */ = {isa = PBXFileReference; lastKnownFileType = sourcecode.swift; path = SectionAdapterInput.swift; sourceTree = "<group>"; };
		E92B3AD82C47F75F006A25C8 /* TableViewAdapter.swift */ = {isa = PBXFileReference; lastKnownFileType = sourcecode.swift; path = TableViewAdapter.swift; sourceTree = "<group>"; };
		E92B3ADA2C47F782006A25C8 /* TableViewAdapterInput.swift */ = {isa = PBXFileReference; lastKnownFileType = sourcecode.swift; path = TableViewAdapterInput.swift; sourceTree = "<group>"; };
		E92B3ADC2C47F7B5006A25C8 /* CellOneViewCell.swift */ = {isa = PBXFileReference; lastKnownFileType = sourcecode.swift; path = CellOneViewCell.swift; sourceTree = "<group>"; };
		E92B3ADE2C47F7C8006A25C8 /* CellTwoViewCell.swift */ = {isa = PBXFileReference; lastKnownFileType = sourcecode.swift; path = CellTwoViewCell.swift; sourceTree = "<group>"; };
		E92B3AE02C47F7DA006A25C8 /* CellZeroViewCell.swift */ = {isa = PBXFileReference; lastKnownFileType = sourcecode.swift; path = CellZeroViewCell.swift; sourceTree = "<group>"; };
		E92B3AE22C47F7F6006A25C8 /* OneSectionAdapter.swift */ = {isa = PBXFileReference; lastKnownFileType = sourcecode.swift; path = OneSectionAdapter.swift; sourceTree = "<group>"; };
		E92B3AE42C47F806006A25C8 /* TwoSectionAdapter.swift */ = {isa = PBXFileReference; lastKnownFileType = sourcecode.swift; path = TwoSectionAdapter.swift; sourceTree = "<group>"; };
		E92B3AE62C47F820006A25C8 /* ZeroSectionAdapter.swift */ = {isa = PBXFileReference; lastKnownFileType = sourcecode.swift; path = ZeroSectionAdapter.swift; sourceTree = "<group>"; };
		E92B3AE92C47F8FE006A25C8 /* CellOneDisplayModel.swift */ = {isa = PBXFileReference; lastKnownFileType = sourcecode.swift; path = CellOneDisplayModel.swift; sourceTree = "<group>"; };
		E92B3AEB2C47F90E006A25C8 /* CellTwoDisplayModel.swift */ = {isa = PBXFileReference; lastKnownFileType = sourcecode.swift; path = CellTwoDisplayModel.swift; sourceTree = "<group>"; };
		E92B3AED2C47F920006A25C8 /* CellZeroDisplayModel.swift */ = {isa = PBXFileReference; lastKnownFileType = sourcecode.swift; path = CellZeroDisplayModel.swift; sourceTree = "<group>"; };
/* End PBXFileReference section */

/* Begin PBXFrameworksBuildPhase section */
		E92B3AB22C47F542006A25C8 /* Frameworks */ = {
			isa = PBXFrameworksBuildPhase;
			buildActionMask = 2147483647;
			files = (
			);
			runOnlyForDeploymentPostprocessing = 0;
		};
/* End PBXFrameworksBuildPhase section */

/* Begin PBXGroup section */
		E92B3AAC2C47F542006A25C8 = {
			isa = PBXGroup;
			children = (
				E92B3AB72C47F542006A25C8 /* Lesson17HW */,
				E92B3AB62C47F542006A25C8 /* Products */,
			);
			sourceTree = "<group>";
		};
		E92B3AB62C47F542006A25C8 /* Products */ = {
			isa = PBXGroup;
			children = (
				E92B3AB52C47F542006A25C8 /* Lesson17HW.app */,
			);
			name = Products;
			sourceTree = "<group>";
		};
		E92B3AB72C47F542006A25C8 /* Lesson17HW */ = {
			isa = PBXGroup;
			children = (
				E92B3AB82C47F542006A25C8 /* AppDelegate.swift */,
				E92B3ABA2C47F542006A25C8 /* SceneDelegate.swift */,
				E92B3AE82C47F8E2006A25C8 /* Models */,
				E92B3ACF2C47F651006A25C8 /* Views */,
				E92B3ACE2C47F634006A25C8 /* TableViewAdapters */,
				E92B3ACD2C47F611006A25C8 /* Sections */,
				E92B3ACC2C47F5FF006A25C8 /* Cells */,
				E92B3ABE2C47F542006A25C8 /* Main.storyboard */,
				E92B3AC12C47F544006A25C8 /* Assets.xcassets */,
				E92B3AC32C47F544006A25C8 /* LaunchScreen.storyboard */,
				E92B3AC62C47F544006A25C8 /* Info.plist */,
			);
			path = Lesson17HW;
			sourceTree = "<group>";
		};
		E92B3ACC2C47F5FF006A25C8 /* Cells */ = {
			isa = PBXGroup;
			children = (
				E92B3AD02C47F693006A25C8 /* CellOne.xib */,
				E92B3AD22C47F6A3006A25C8 /* CellTwo.xib */,
				E92B3AD42C47F6B5006A25C8 /* CellZero.xib */,
			);
			path = Cells;
			sourceTree = "<group>";
		};
		E92B3ACD2C47F611006A25C8 /* Sections */ = {
			isa = PBXGroup;
			children = (
				E92B3AD62C47F710006A25C8 /* SectionAdapterInput.swift */,
			);
			path = Sections;
			sourceTree = "<group>";
		};
		E92B3ACE2C47F634006A25C8 /* TableViewAdapters */ = {
			isa = PBXGroup;
			children = (
				E92B3AD82C47F75F006A25C8 /* TableViewAdapter.swift */,
				E92B3ADA2C47F782006A25C8 /* TableViewAdapterInput.swift */,
			);
			path = TableViewAdapters;
			sourceTree = "<group>";
		};
		E92B3ACF2C47F651006A25C8 /* Views */ = {
			isa = PBXGroup;
			children = (
				E92B3ABC2C47F542006A25C8 /* ViewController.swift */,
				E92B3ADC2C47F7B5006A25C8 /* CellOneViewCell.swift */,
				E92B3ADE2C47F7C8006A25C8 /* CellTwoViewCell.swift */,
				E92B3AE02C47F7DA006A25C8 /* CellZeroViewCell.swift */,
				E92B3AE22C47F7F6006A25C8 /* OneSectionAdapter.swift */,
				E92B3AE42C47F806006A25C8 /* TwoSectionAdapter.swift */,
				E92B3AE62C47F820006A25C8 /* ZeroSectionAdapter.swift */,
			);
			path = Views;
			sourceTree = "<group>";
		};
		E92B3AE82C47F8E2006A25C8 /* Models */ = {
			isa = PBXGroup;
			children = (
				E92B3AE92C47F8FE006A25C8 /* CellOneDisplayModel.swift */,
				E92B3AEB2C47F90E006A25C8 /* CellTwoDisplayModel.swift */,
				E92B3AED2C47F920006A25C8 /* CellZeroDisplayModel.swift */,
			);
			path = Models;
			sourceTree = "<group>";
		};
/* End PBXGroup section */

/* Begin PBXNativeTarget section */
		E92B3AB42C47F542006A25C8 /* Lesson17HW */ = {
			isa = PBXNativeTarget;
			buildConfigurationList = E92B3AC92C47F544006A25C8 /* Build configuration list for PBXNativeTarget "Lesson17HW" */;
			buildPhases = (
				E92B3AB12C47F542006A25C8 /* Sources */,
				E92B3AB22C47F542006A25C8 /* Frameworks */,
				E92B3AB32C47F542006A25C8 /* Resources */,
			);
			buildRules = (
			);
			dependencies = (
			);
			name = Lesson17HW;
			productName = Lesson17HW;
			productReference = E92B3AB52C47F542006A25C8 /* Lesson17HW.app */;
			productType = "com.apple.product-type.application";
		};
/* End PBXNativeTarget section */

/* Begin PBXProject section */
		E92B3AAD2C47F542006A25C8 /* Project object */ = {
			isa = PBXProject;
			attributes = {
				BuildIndependentTargetsInParallel = 1;
				LastSwiftUpdateCheck = 1530;
				LastUpgradeCheck = 1530;
				TargetAttributes = {
					E92B3AB42C47F542006A25C8 = {
						CreatedOnToolsVersion = 15.3;
					};
				};
			};
			buildConfigurationList = E92B3AB02C47F542006A25C8 /* Build configuration list for PBXProject "Lesson17HW" */;
			compatibilityVersion = "Xcode 14.0";
			developmentRegion = en;
			hasScannedForEncodings = 0;
			knownRegions = (
				en,
				Base,
			);
			mainGroup = E92B3AAC2C47F542006A25C8;
			productRefGroup = E92B3AB62C47F542006A25C8 /* Products */;
			projectDirPath = "";
			projectRoot = "";
			targets = (
				E92B3AB42C47F542006A25C8 /* Lesson17HW */,
			);
		};
/* End PBXProject section */

/* Begin PBXResourcesBuildPhase section */
		E92B3AB32C47F542006A25C8 /* Resources */ = {
			isa = PBXResourcesBuildPhase;
			buildActionMask = 2147483647;
			files = (
				E92B3AC22C47F544006A25C8 /* Assets.xcassets in Resources */,
				E92B3AC52C47F544006A25C8 /* Base in Resources */,
				E92B3AD12C47F693006A25C8 /* CellOne.xib in Resources */,
				E92B3AD52C47F6B5006A25C8 /* CellZero.xib in Resources */,
				E92B3AD32C47F6A3006A25C8 /* CellTwo.xib in Resources */,
				E92B3AC02C47F542006A25C8 /* Base in Resources */,
			);
			runOnlyForDeploymentPostprocessing = 0;
		};
/* End PBXResourcesBuildPhase section */

/* Begin PBXSourcesBuildPhase section */
		E92B3AB12C47F542006A25C8 /* Sources */ = {
			isa = PBXSourcesBuildPhase;
			buildActionMask = 2147483647;
			files = (
				E92B3AE32C47F7F6006A25C8 /* OneSectionAdapter.swift in Sources */,
				E92B3AE72C47F820006A25C8 /* ZeroSectionAdapter.swift in Sources */,
				E92B3AE12C47F7DA006A25C8 /* CellZeroViewCell.swift in Sources */,
				E92B3ABD2C47F542006A25C8 /* ViewController.swift in Sources */,
				E92B3ADD2C47F7B5006A25C8 /* CellOneViewCell.swift in Sources */,
				E92B3AB92C47F542006A25C8 /* AppDelegate.swift in Sources */,
				E92B3ADB2C47F782006A25C8 /* TableViewAdapterInput.swift in Sources */,
				E92B3AEC2C47F90E006A25C8 /* CellTwoDisplayModel.swift in Sources */,
				E92B3AD72C47F710006A25C8 /* SectionAdapterInput.swift in Sources */,
				E92B3AEA2C47F8FE006A25C8 /* CellOneDisplayModel.swift in Sources */,
				E92B3ADF2C47F7C8006A25C8 /* CellTwoViewCell.swift in Sources */,
				E92B3AD92C47F75F006A25C8 /* TableViewAdapter.swift in Sources */,
				E92B3ABB2C47F542006A25C8 /* SceneDelegate.swift in Sources */,
				E92B3AEE2C47F920006A25C8 /* CellZeroDisplayModel.swift in Sources */,
				E92B3AE52C47F806006A25C8 /* TwoSectionAdapter.swift in Sources */,
			);
			runOnlyForDeploymentPostprocessing = 0;
		};
/* End PBXSourcesBuildPhase section */

/* Begin PBXVariantGroup section */
		E92B3ABE2C47F542006A25C8 /* Main.storyboard */ = {
			isa = PBXVariantGroup;
			children = (
				E92B3ABF2C47F542006A25C8 /* Base */,
			);
			name = Main.storyboard;
			sourceTree = "<group>";
		};
		E92B3AC32C47F544006A25C8 /* LaunchScreen.storyboard */ = {
			isa = PBXVariantGroup;
			children = (
				E92B3AC42C47F544006A25C8 /* Base */,
			);
			name = LaunchScreen.storyboard;
			sourceTree = "<group>";
		};
/* End PBXVariantGroup section */

/* Begin XCBuildConfiguration section */
		E92B3AC72C47F544006A25C8 /* Debug */ = {
			isa = XCBuildConfiguration;
			buildSettings = {
				ALWAYS_SEARCH_USER_PATHS = NO;
				ASSETCATALOG_COMPILER_GENERATE_SWIFT_ASSET_SYMBOL_EXTENSIONS = YES;
				CLANG_ANALYZER_NONNULL = YES;
				CLANG_ANALYZER_NUMBER_OBJECT_CONVERSION = YES_AGGRESSIVE;
				CLANG_CXX_LANGUAGE_STANDARD = "gnu++20";
				CLANG_ENABLE_MODULES = YES;
				CLANG_ENABLE_OBJC_ARC = YES;
				CLANG_ENABLE_OBJC_WEAK = YES;
				CLANG_WARN_BLOCK_CAPTURE_AUTORELEASING = YES;
				CLANG_WARN_BOOL_CONVERSION = YES;
				CLANG_WARN_COMMA = YES;
				CLANG_WARN_CONSTANT_CONVERSION = YES;
				CLANG_WARN_DEPRECATED_OBJC_IMPLEMENTATIONS = YES;
				CLANG_WARN_DIRECT_OBJC_ISA_USAGE = YES_ERROR;
				CLANG_WARN_DOCUMENTATION_COMMENTS = YES;
				CLANG_WARN_EMPTY_BODY = YES;
				CLANG_WARN_ENUM_CONVERSION = YES;
				CLANG_WARN_INFINITE_RECURSION = YES;
				CLANG_WARN_INT_CONVERSION = YES;
				CLANG_WARN_NON_LITERAL_NULL_CONVERSION = YES;
				CLANG_WARN_OBJC_IMPLICIT_RETAIN_SELF = YES;
				CLANG_WARN_OBJC_LITERAL_CONVERSION = YES;
				CLANG_WARN_OBJC_ROOT_CLASS = YES_ERROR;
				CLANG_WARN_QUOTED_INCLUDE_IN_FRAMEWORK_HEADER = YES;
				CLANG_WARN_RANGE_LOOP_ANALYSIS = YES;
				CLANG_WARN_STRICT_PROTOTYPES = YES;
				CLANG_WARN_SUSPICIOUS_MOVE = YES;
				CLANG_WARN_UNGUARDED_AVAILABILITY = YES_AGGRESSIVE;
				CLANG_WARN_UNREACHABLE_CODE = YES;
				CLANG_WARN__DUPLICATE_METHOD_MATCH = YES;
				COPY_PHASE_STRIP = NO;
				DEBUG_INFORMATION_FORMAT = dwarf;
				ENABLE_STRICT_OBJC_MSGSEND = YES;
				ENABLE_TESTABILITY = YES;
				ENABLE_USER_SCRIPT_SANDBOXING = YES;
				GCC_C_LANGUAGE_STANDARD = gnu17;
				GCC_DYNAMIC_NO_PIC = NO;
				GCC_NO_COMMON_BLOCKS = YES;
				GCC_OPTIMIZATION_LEVEL = 0;
				GCC_PREPROCESSOR_DEFINITIONS = (
					"DEBUG=1",
					"$(inherited)",
				);
				GCC_WARN_64_TO_32_BIT_CONVERSION = YES;
				GCC_WARN_ABOUT_RETURN_TYPE = YES_ERROR;
				GCC_WARN_UNDECLARED_SELECTOR = YES;
				GCC_WARN_UNINITIALIZED_AUTOS = YES_AGGRESSIVE;
				GCC_WARN_UNUSED_FUNCTION = YES;
				GCC_WARN_UNUSED_VARIABLE = YES;
				IPHONEOS_DEPLOYMENT_TARGET = 17.4;
				LOCALIZATION_PREFERS_STRING_CATALOGS = YES;
				MTL_ENABLE_DEBUG_INFO = INCLUDE_SOURCE;
				MTL_FAST_MATH = YES;
				ONLY_ACTIVE_ARCH = YES;
				SDKROOT = iphoneos;
				SWIFT_ACTIVE_COMPILATION_CONDITIONS = "DEBUG $(inherited)";
				SWIFT_OPTIMIZATION_LEVEL = "-Onone";
			};
			name = Debug;
		};
		E92B3AC82C47F544006A25C8 /* Release */ = {
			isa = XCBuildConfiguration;
			buildSettings = {
				ALWAYS_SEARCH_USER_PATHS = NO;
				ASSETCATALOG_COMPILER_GENERATE_SWIFT_ASSET_SYMBOL_EXTENSIONS = YES;
				CLANG_ANALYZER_NONNULL = YES;
				CLANG_ANALYZER_NUMBER_OBJECT_CONVERSION = YES_AGGRESSIVE;
				CLANG_CXX_LANGUAGE_STANDARD = "gnu++20";
				CLANG_ENABLE_MODULES = YES;
				CLANG_ENABLE_OBJC_ARC = YES;
				CLANG_ENABLE_OBJC_WEAK = YES;
				CLANG_WARN_BLOCK_CAPTURE_AUTORELEASING = YES;
				CLANG_WARN_BOOL_CONVERSION = YES;
				CLANG_WARN_COMMA = YES;
				CLANG_WARN_CONSTANT_CONVERSION = YES;
				CLANG_WARN_DEPRECATED_OBJC_IMPLEMENTATIONS = YES;
				CLANG_WARN_DIRECT_OBJC_ISA_USAGE = YES_ERROR;
				CLANG_WARN_DOCUMENTATION_COMMENTS = YES;
				CLANG_WARN_EMPTY_BODY = YES;
				CLANG_WARN_ENUM_CONVERSION = YES;
				CLANG_WARN_INFINITE_RECURSION = YES;
				CLANG_WARN_INT_CONVERSION = YES;
				CLANG_WARN_NON_LITERAL_NULL_CONVERSION = YES;
				CLANG_WARN_OBJC_IMPLICIT_RETAIN_SELF = YES;
				CLANG_WARN_OBJC_LITERAL_CONVERSION = YES;
				CLANG_WARN_OBJC_ROOT_CLASS = YES_ERROR;
				CLANG_WARN_QUOTED_INCLUDE_IN_FRAMEWORK_HEADER = YES;
				CLANG_WARN_RANGE_LOOP_ANALYSIS = YES;
				CLANG_WARN_STRICT_PROTOTYPES = YES;
				CLANG_WARN_SUSPICIOUS_MOVE = YES;
				CLANG_WARN_UNGUARDED_AVAILABILITY = YES_AGGRESSIVE;
				CLANG_WARN_UNREACHABLE_CODE = YES;
				CLANG_WARN__DUPLICATE_METHOD_MATCH = YES;
				COPY_PHASE_STRIP = NO;
				DEBUG_INFORMATION_FORMAT = "dwarf-with-dsym";
				ENABLE_NS_ASSERTIONS = NO;
				ENABLE_STRICT_OBJC_MSGSEND = YES;
				ENABLE_USER_SCRIPT_SANDBOXING = YES;
				GCC_C_LANGUAGE_STANDARD = gnu17;
				GCC_NO_COMMON_BLOCKS = YES;
				GCC_WARN_64_TO_32_BIT_CONVERSION = YES;
				GCC_WARN_ABOUT_RETURN_TYPE = YES_ERROR;
				GCC_WARN_UNDECLARED_SELECTOR = YES;
				GCC_WARN_UNINITIALIZED_AUTOS = YES_AGGRESSIVE;
				GCC_WARN_UNUSED_FUNCTION = YES;
				GCC_WARN_UNUSED_VARIABLE = YES;
				IPHONEOS_DEPLOYMENT_TARGET = 17.4;
				LOCALIZATION_PREFERS_STRING_CATALOGS = YES;
				MTL_ENABLE_DEBUG_INFO = NO;
				MTL_FAST_MATH = YES;
				SDKROOT = iphoneos;
				SWIFT_COMPILATION_MODE = wholemodule;
				VALIDATE_PRODUCT = YES;
			};
			name = Release;
		};
		E92B3ACA2C47F544006A25C8 /* Debug */ = {
			isa = XCBuildConfiguration;
			buildSettings = {
				ASSETCATALOG_COMPILER_APPICON_NAME = AppIcon;
				ASSETCATALOG_COMPILER_GLOBAL_ACCENT_COLOR_NAME = AccentColor;
				CODE_SIGN_STYLE = Automatic;
				CURRENT_PROJECT_VERSION = 1;
				GENERATE_INFOPLIST_FILE = YES;
				INFOPLIST_FILE = Lesson17HW/Info.plist;
				INFOPLIST_KEY_UIApplicationSupportsIndirectInputEvents = YES;
				INFOPLIST_KEY_UILaunchStoryboardName = LaunchScreen;
				INFOPLIST_KEY_UIMainStoryboardFile = Main;
				INFOPLIST_KEY_UISupportedInterfaceOrientations_iPad = "UIInterfaceOrientationPortrait UIInterfaceOrientationPortraitUpsideDown UIInterfaceOrientationLandscapeLeft UIInterfaceOrientationLandscapeRight";
				INFOPLIST_KEY_UISupportedInterfaceOrientations_iPhone = "UIInterfaceOrientationPortrait UIInterfaceOrientationLandscapeLeft UIInterfaceOrientationLandscapeRight";
				LD_RUNPATH_SEARCH_PATHS = (
					"$(inherited)",
					"@executable_path/Frameworks",
				);
				MARKETING_VERSION = 1.0;
				PRODUCT_BUNDLE_IDENTIFIER = Braun.Lesson17HW;
				PRODUCT_NAME = "$(TARGET_NAME)";
				SWIFT_EMIT_LOC_STRINGS = YES;
				SWIFT_VERSION = 5.0;
				TARGETED_DEVICE_FAMILY = "1,2";
			};
			name = Debug;
		};
		E92B3ACB2C47F544006A25C8 /* Release */ = {
			isa = XCBuildConfiguration;
			buildSettings = {
				ASSETCATALOG_COMPILER_APPICON_NAME = AppIcon;
				ASSETCATALOG_COMPILER_GLOBAL_ACCENT_COLOR_NAME = AccentColor;
				CODE_SIGN_STYLE = Automatic;
				CURRENT_PROJECT_VERSION = 1;
				GENERATE_INFOPLIST_FILE = YES;
				INFOPLIST_FILE = Lesson17HW/Info.plist;
				INFOPLIST_KEY_UIApplicationSupportsIndirectInputEvents = YES;
				INFOPLIST_KEY_UILaunchStoryboardName = LaunchScreen;
				INFOPLIST_KEY_UIMainStoryboardFile = Main;
				INFOPLIST_KEY_UISupportedInterfaceOrientations_iPad = "UIInterfaceOrientationPortrait UIInterfaceOrientationPortraitUpsideDown UIInterfaceOrientationLandscapeLeft UIInterfaceOrientationLandscapeRight";
				INFOPLIST_KEY_UISupportedInterfaceOrientations_iPhone = "UIInterfaceOrientationPortrait UIInterfaceOrientationLandscapeLeft UIInterfaceOrientationLandscapeRight";
				LD_RUNPATH_SEARCH_PATHS = (
					"$(inherited)",
					"@executable_path/Frameworks",
				);
				MARKETING_VERSION = 1.0;
				PRODUCT_BUNDLE_IDENTIFIER = Braun.Lesson17HW;
				PRODUCT_NAME = "$(TARGET_NAME)";
				SWIFT_EMIT_LOC_STRINGS = YES;
				SWIFT_VERSION = 5.0;
				TARGETED_DEVICE_FAMILY = "1,2";
			};
			name = Release;
		};
/* End XCBuildConfiguration section */

/* Begin XCConfigurationList section */
		E92B3AB02C47F542006A25C8 /* Build configuration list for PBXProject "Lesson17HW" */ = {
			isa = XCConfigurationList;
			buildConfigurations = (
				E92B3AC72C47F544006A25C8 /* Debug */,
				E92B3AC82C47F544006A25C8 /* Release */,
			);
			defaultConfigurationIsVisible = 0;
			defaultConfigurationName = Release;
		};
		E92B3AC92C47F544006A25C8 /* Build configuration list for PBXNativeTarget "Lesson17HW" */ = {
			isa = XCConfigurationList;
			buildConfigurations = (
				E92B3ACA2C47F544006A25C8 /* Debug */,
				E92B3ACB2C47F544006A25C8 /* Release */,
			);
			defaultConfigurationIsVisible = 0;
			defaultConfigurationName = Release;
		};
/* End XCConfigurationList section */
	};
	rootObject = E92B3AAD2C47F542006A25C8 /* Project object */;
}
